
Microsoft Visual Studio Solution File, Format Version 12.00
# Visual Studio Version 17
VisualStudioVersion = 17.2.32630.192
MinimumVisualStudioVersion = 10.0.40219.1
Project("{9A19103F-16F7-4668-BE54-9A1E7A4F7556}") = "R5T.NG0015", "R5T.NG0015\R5T.NG0015.csproj", "{CA054F88-5CD0-4DD2-98C8-F8D8D86629B6}"
EndProject
Global
	GlobalSection(SolutionConfigurationPlatforms) = preSolution
		Debug|Any CPU = Debug|Any CPU
		Release|Any CPU = Release|Any CPU
	EndGlobalSection
	GlobalSection(ProjectConfigurationPlatforms) = postSolution
		{CA054F88-5CD0-4DD2-98C8-F8D8D86629B6}.Debug|Any CPU.ActiveCfg = Debug|Any CPU
		{CA054F88-5CD0-4DD2-98C8-F8D8D86629B6}.Debug|Any CPU.Build.0 = Debug|Any CPU
		{CA054F88-5CD0-4DD2-98C8-F8D8D86629B6}.Release|Any CPU.ActiveCfg = Release|Any CPU
		{CA054F88-5CD0-4DD2-98C8-F8D8D86629B6}.Release|Any CPU.Build.0 = Release|Any CPU
	EndGlobalSection
	GlobalSection(SolutionProperties) = preSolution
		HideSolutionNode = FALSE
	EndGlobalSection
	GlobalSection(ExtensibilityGlobals) = postSolution
		SolutionGuid = {1E7AA966-0F97-4E4C-B0B3-C1EDA345D05C}
	EndGlobalSection
EndGlobal
